
Microsoft Visual Studio Solution File, Format Version 12.00
# Visual Studio 2013
VisualStudioVersion = 12.0.21005.1
MinimumVisualStudioVersion = 10.0.40219.1
Project("{FAE04EC0-301F-11D3-BF4B-00C04F79EFBC}") = "Mario.Eval", "Mario.Eval\Mario.Eval.csproj", "{3EFEE6C3-976F-4809-8628-FE3B688B87AC}"
EndProject
Global
	GlobalSection(SolutionConfigurationPlatforms) = preSolution
		Debug|Any CPU = Debug|Any CPU
		Release|Any CPU = Release|Any CPU
	EndGlobalSection
	GlobalSection(ProjectConfigurationPlatforms) = postSolution
		{3EFEE6C3-976F-4809-8628-FE3B688B87AC}.Debug|Any CPU.ActiveCfg = Debug|Any CPU
		{3EFEE6C3-976F-4809-8628-FE3B688B87AC}.Debug|Any CPU.Build.0 = Debug|Any CPU
		{3EFEE6C3-976F-4809-8628-FE3B688B87AC}.Release|Any CPU.ActiveCfg = Release|Any CPU
		{3EFEE6C3-976F-4809-8628-FE3B688B87AC}.Release|Any CPU.Build.0 = Release|Any CPU
	EndGlobalSection
	GlobalSection(SolutionProperties) = preSolution
		HideSolutionNode = FALSE
	EndGlobalSection
EndGlobal
